
Microsoft Visual Studio Solution File, Format Version 12.00
# Visual Studio Version 16
VisualStudioVersion = 16.0.30804.86
MinimumVisualStudioVersion = 10.0.40219.1
Project("{8BC9CEB8-8B4A-11D0-8D11-00A0C91BC942}") = "wizard", "wizard.vcxproj", "{4D68279E-5BA4-4CA0-BD1B-E8CD4A43BCFB}"
EndProject
Project("{8BC9CEB8-8B4A-11D0-8D11-00A0C91BC942}") = "cmdline-profiler-vc9", "cmdline-profiler\cmdline-profiler-vc9.vcxproj", "{C45A3FB8-AC5B-49F6-9D0C-322C2DD7AB98}"
EndProject
Global
	GlobalSection(SolutionConfigurationPlatforms) = preSolution
		Debug|Win32 = Debug|Win32
		Debug|x64 = Debug|x64
		Release|Win32 = Release|Win32
		Release|x64 = Release|x64
	EndGlobalSection
	GlobalSection(ProjectConfigurationPlatforms) = postSolution
		{4D68279E-5BA4-4CA0-BD1B-E8CD4A43BCFB}.Debug|Win32.ActiveCfg = Debug|Win32
		{4D68279E-5BA4-4CA0-BD1B-E8CD4A43BCFB}.Debug|Win32.Build.0 = Debug|Win32
		{4D68279E-5BA4-4CA0-BD1B-E8CD4A43BCFB}.Debug|x64.ActiveCfg = Debug|Win32
		{4D68279E-5BA4-4CA0-BD1B-E8CD4A43BCFB}.Release|Win32.ActiveCfg = Release|Win32
		{4D68279E-5BA4-4CA0-BD1B-E8CD4A43BCFB}.Release|Win32.Build.0 = Release|Win32
		{4D68279E-5BA4-4CA0-BD1B-E8CD4A43BCFB}.Release|x64.ActiveCfg = Release|Win32
		{C45A3FB8-AC5B-49F6-9D0C-322C2DD7AB98}.Debug|Win32.ActiveCfg = Debug|Win32
		{C45A3FB8-AC5B-49F6-9D0C-322C2DD7AB98}.Debug|x64.ActiveCfg = Debug|x64
		{C45A3FB8-AC5B-49F6-9D0C-322C2DD7AB98}.Debug|x64.Build.0 = Debug|x64
		{C45A3FB8-AC5B-49F6-9D0C-322C2DD7AB98}.Release|Win32.ActiveCfg = Release|Win32
		{C45A3FB8-AC5B-49F6-9D0C-322C2DD7AB98}.Release|x64.ActiveCfg = Release|x64
		{C45A3FB8-AC5B-49F6-9D0C-322C2DD7AB98}.Release|x64.Build.0 = Release|x64
	EndGlobalSection
	GlobalSection(SolutionProperties) = preSolution
		HideSolutionNode = FALSE
	EndGlobalSection
	GlobalSection(ExtensibilityGlobals) = postSolution
		SolutionGuid = {08DC9D49-3867-459E-B996-7D92CEED4E57}
	EndGlobalSection
EndGlobal
