
Microsoft Visual Studio Solution File, Format Version 12.00
# Visual Studio Version 16
VisualStudioVersion = 16.0.30804.86
MinimumVisualStudioVersion = 10.0.40219.1
Project("{8BC9CEB8-8B4A-11D0-8D11-00A0C91BC942}") = "wizard", "wizard.vcxproj", "{4D68279E-5BA4-4CA0-BD1B-E8CD4A43BCFB}"
EndProject
Global
	GlobalSection(SolutionConfigurationPlatforms) = preSolution
		Debug|Win32 = Debug|Win32
		Release|Win32 = Release|Win32
	EndGlobalSection
	GlobalSection(ProjectConfigurationPlatforms) = postSolution
		{4D68279E-5BA4-4CA0-BD1B-E8CD4A43BCFB}.Debug|Win32.ActiveCfg = Debug|Win32
		{4D68279E-5BA4-4CA0-BD1B-E8CD4A43BCFB}.Debug|Win32.Build.0 = Debug|Win32
		{4D68279E-5BA4-4CA0-BD1B-E8CD4A43BCFB}.Release|Win32.ActiveCfg = Release|Win32
		{4D68279E-5BA4-4CA0-BD1B-E8CD4A43BCFB}.Release|Win32.Build.0 = Release|Win32
	EndGlobalSection
	GlobalSection(SolutionProperties) = preSolution
		HideSolutionNode = FALSE
	EndGlobalSection
	GlobalSection(ExtensibilityGlobals) = postSolution
		SolutionGuid = {08DC9D49-3867-459E-B996-7D92CEED4E57}
	EndGlobalSection
EndGlobal
